
Microsoft Visual Studio Solution File, Format Version 12.00
# Visual Studio Version 18
VisualStudioVersion = 18.3.11206.111 d18.3
MinimumVisualStudioVersion = 10.0.40219.1
Project("{2150E333-8FDC-42A3-9474-1A3956D46DE8}") = "src", "src", "{BDC4F320-8B10-4E13-8D66-52D5D30F631E}"
EndProject
Project("{2150E333-8FDC-42A3-9474-1A3956D46DE8}") = "test", "test", "{B9682F4C-2180-4D85-B3A5-A4920B38DB12}"
EndProject
Project("{9A19103F-16F7-4668-BE54-9A1E7A4F7556}") = "CodeWF.AvaloniaControls", "src\CodeWF.AvaloniaControls\CodeWF.AvaloniaControls.csproj", "{4D513B19-13CF-4E79-B14D-8408036969EB}"
EndProject
Project("{9A19103F-16F7-4668-BE54-9A1E7A4F7556}") = "CodeWF.AvaloniaControls.Demo", "src\CodeWF.AvaloniaControls.Demo\CodeWF.AvaloniaControls.Demo.csproj", "{EFEB51EE-0B3B-4651-895F-13B200E4CC60}"
EndProject
Project("{2150E333-8FDC-42A3-9474-1A3956D46DE8}") = "Solution Files", "Solution Files", "{3A88F1C2-198E-4976-85B8-D9B8EABE88D9}"
	ProjectSection(SolutionItems) = preProject
		Directory.Build.props = Directory.Build.props
		Package.props = Package.props
		README-zh_CN.MD = README-zh_CN.MD
		README.MD = README.MD
		UpdateLog.md = UpdateLog.md
	EndProjectSection
EndProject
Project("{FAE04EC0-301F-11D3-BF4B-00C04F79EFBC}") = "CodeWF.AvaloniaControls.DockDemo", "src\CodeWF.AvaloniaControls.DockDemo\CodeWF.AvaloniaControls.DockDemo.csproj", "{439C96D9-89FA-A06C-FFF4-025888A33299}"
EndProject
Project("{FAE04EC0-301F-11D3-BF4B-00C04F79EFBC}") = "CodeWF.AvaloniaControls.Dock", "src\CodeWF.AvaloniaControls.Dock\CodeWF.AvaloniaControls.Dock.csproj", "{043B8D0F-44E5-8368-16B7-8D3DB293058A}"
EndProject
Project("{FAE04EC0-301F-11D3-BF4B-00C04F79EFBC}") = "CodeWF.AvaloniaControls.DockReactiveUIDemo", "src\CodeWF.AvaloniaControls.DockReactiveUIDemo\CodeWF.AvaloniaControls.DockReactiveUIDemo.csproj", "{8CC83A8C-6C49-ED25-28B2-713611ED9D12}"
EndProject
Project("{FAE04EC0-301F-11D3-BF4B-00C04F79EFBC}") = "CodeWF.AvaloniaControls.DockPrismDemo", "src\CodeWF.AvaloniaControls.DockPrismDemo\CodeWF.AvaloniaControls.DockPrismDemo.csproj", "{3328A8E3-C2FD-9C0C-D6CE-943B8D716223}"
EndProject
Project("{FAE04EC0-301F-11D3-BF4B-00C04F79EFBC}") = "CodeWF.AvaloniaControls.DataGrid", "src\CodeWF.AvaloniaControls.DataGrid\CodeWF.AvaloniaControls.DataGrid.csproj", "{74BEADBB-7B96-703E-4222-2CD93EACD41D}"
EndProject
Project("{FAE04EC0-301F-11D3-BF4B-00C04F79EFBC}") = "CodeWF.AvaloniaControls.DataGridDemo", "src\CodeWF.AvaloniaControls.DataGridDemo\CodeWF.AvaloniaControls.DataGridDemo.csproj", "{260B463F-3B23-D3C0-2EEA-509FD98BDED0}"
EndProject
Project("{FAE04EC0-301F-11D3-BF4B-00C04F79EFBC}") = "CodeWF", "src\CodeWF\CodeWF.csproj", "{A950C0DA-1CFA-4F1D-A898-D23115C6DBBF}"
EndProject
Project("{FAE04EC0-301F-11D3-BF4B-00C04F79EFBC}") = "CodeWF.Themes", "src\CodeWF.Themes\CodeWF.Themes.csproj", "{546C1A0F-9FD9-4AFC-8195-9A862CEDE1AD}"
EndProject
Project("{2150E333-8FDC-42A3-9474-1A3956D46DE8}") = "Demo", "Demo", "{02EA681E-C7D8-13C7-8484-4AC65E1B71E8}"
EndProject
Project("{FAE04EC0-301F-11D3-BF4B-00C04F79EFBC}") = "CodeWF.Demo", "src\CodeWF.Demo\CodeWF.Demo.csproj", "{12B9B59F-4DB4-4092-A32F-8EB8757F6BD3}"
EndProject
Project("{FAE04EC0-301F-11D3-BF4B-00C04F79EFBC}") = "FluentDemo", "src\FluentDemo\FluentDemo.csproj", "{82CC2D24-4A96-471B-8FAB-106CA90FC6DD}"
EndProject
Global
	GlobalSection(SolutionConfigurationPlatforms) = preSolution
		Debug|Any CPU = Debug|Any CPU
		Debug|x64 = Debug|x64
		Debug|x86 = Debug|x86
		Release|Any CPU = Release|Any CPU
		Release|x64 = Release|x64
		Release|x86 = Release|x86
	EndGlobalSection
	GlobalSection(ProjectConfigurationPlatforms) = postSolution
		{4D513B19-13CF-4E79-B14D-8408036969EB}.Debug|Any CPU.ActiveCfg = Debug|Any CPU
		{4D513B19-13CF-4E79-B14D-8408036969EB}.Debug|Any CPU.Build.0 = Debug|Any CPU
		{4D513B19-13CF-4E79-B14D-8408036969EB}.Debug|x64.ActiveCfg = Debug|x64
		{4D513B19-13CF-4E79-B14D-8408036969EB}.Debug|x64.Build.0 = Debug|x64
		{4D513B19-13CF-4E79-B14D-8408036969EB}.Debug|x86.ActiveCfg = Debug|x86
		{4D513B19-13CF-4E79-B14D-8408036969EB}.Debug|x86.Build.0 = Debug|x86
		{4D513B19-13CF-4E79-B14D-8408036969EB}.Release|Any CPU.ActiveCfg = Release|Any CPU
		{4D513B19-13CF-4E79-B14D-8408036969EB}.Release|Any CPU.Build.0 = Release|Any CPU
		{4D513B19-13CF-4E79-B14D-8408036969EB}.Release|x64.ActiveCfg = Release|x64
		{4D513B19-13CF-4E79-B14D-8408036969EB}.Release|x64.Build.0 = Release|x64
		{4D513B19-13CF-4E79-B14D-8408036969EB}.Release|x86.ActiveCfg = Release|x86
		{4D513B19-13CF-4E79-B14D-8408036969EB}.Release|x86.Build.0 = Release|x86
		{EFEB51EE-0B3B-4651-895F-13B200E4CC60}.Debug|Any CPU.ActiveCfg = Debug|Any CPU
		{EFEB51EE-0B3B-4651-895F-13B200E4CC60}.Debug|Any CPU.Build.0 = Debug|Any CPU
		{EFEB51EE-0B3B-4651-895F-13B200E4CC60}.Debug|x64.ActiveCfg = Debug|x64
		{EFEB51EE-0B3B-4651-895F-13B200E4CC60}.Debug|x64.Build.0 = Debug|x64
		{EFEB51EE-0B3B-4651-895F-13B200E4CC60}.Debug|x86.ActiveCfg = Debug|x86
		{EFEB51EE-0B3B-4651-895F-13B200E4CC60}.Debug|x86.Build.0 = Debug|x86
		{EFEB51EE-0B3B-4651-895F-13B200E4CC60}.Release|Any CPU.ActiveCfg = Release|Any CPU
		{EFEB51EE-0B3B-4651-895F-13B200E4CC60}.Release|Any CPU.Build.0 = Release|Any CPU
		{EFEB51EE-0B3B-4651-895F-13B200E4CC60}.Release|x64.ActiveCfg = Release|x64
		{EFEB51EE-0B3B-4651-895F-13B200E4CC60}.Release|x64.Build.0 = Release|x64
		{EFEB51EE-0B3B-4651-895F-13B200E4CC60}.Release|x86.ActiveCfg = Release|x86
		{EFEB51EE-0B3B-4651-895F-13B200E4CC60}.Release|x86.Build.0 = Release|x86
		{439C96D9-89FA-A06C-FFF4-025888A33299}.Debug|Any CPU.ActiveCfg = Debug|Any CPU
		{439C96D9-89FA-A06C-FFF4-025888A33299}.Debug|Any CPU.Build.0 = Debug|Any CPU
		{439C96D9-89FA-A06C-FFF4-025888A33299}.Debug|x64.ActiveCfg = Debug|x64
		{439C96D9-89FA-A06C-FFF4-025888A33299}.Debug|x64.Build.0 = Debug|x64
		{439C96D9-89FA-A06C-FFF4-025888A33299}.Debug|x86.ActiveCfg = Debug|x86
		{439C96D9-89FA-A06C-FFF4-025888A33299}.Debug|x86.Build.0 = Debug|x86
		{439C96D9-89FA-A06C-FFF4-025888A33299}.Release|Any CPU.ActiveCfg = Release|Any CPU
		{439C96D9-89FA-A06C-FFF4-025888A33299}.Release|Any CPU.Build.0 = Release|Any CPU
		{439C96D9-89FA-A06C-FFF4-025888A33299}.Release|x64.ActiveCfg = Release|x64
		{439C96D9-89FA-A06C-FFF4-025888A33299}.Release|x64.Build.0 = Release|x64
		{439C96D9-89FA-A06C-FFF4-025888A33299}.Release|x86.ActiveCfg = Release|x86
		{439C96D9-89FA-A06C-FFF4-025888A33299}.Release|x86.Build.0 = Release|x86
		{043B8D0F-44E5-8368-16B7-8D3DB293058A}.Debug|Any CPU.ActiveCfg = Debug|Any CPU
		{043B8D0F-44E5-8368-16B7-8D3DB293058A}.Debug|Any CPU.Build.0 = Debug|Any CPU
		{043B8D0F-44E5-8368-16B7-8D3DB293058A}.Debug|x64.ActiveCfg = Debug|x64
		{043B8D0F-44E5-8368-16B7-8D3DB293058A}.Debug|x64.Build.0 = Debug|x64
		{043B8D0F-44E5-8368-16B7-8D3DB293058A}.Debug|x86.ActiveCfg = Debug|x86
		{043B8D0F-44E5-8368-16B7-8D3DB293058A}.Debug|x86.Build.0 = Debug|x86
		{043B8D0F-44E5-8368-16B7-8D3DB293058A}.Release|Any CPU.ActiveCfg = Release|Any CPU
		{043B8D0F-44E5-8368-16B7-8D3DB293058A}.Release|Any CPU.Build.0 = Release|Any CPU
		{043B8D0F-44E5-8368-16B7-8D3DB293058A}.Release|x64.ActiveCfg = Release|x64
		{043B8D0F-44E5-8368-16B7-8D3DB293058A}.Release|x64.Build.0 = Release|x64
		{043B8D0F-44E5-8368-16B7-8D3DB293058A}.Release|x86.ActiveCfg = Release|x86
		{043B8D0F-44E5-8368-16B7-8D3DB293058A}.Release|x86.Build.0 = Release|x86
		{8CC83A8C-6C49-ED25-28B2-713611ED9D12}.Debug|Any CPU.ActiveCfg = Debug|Any CPU
		{8CC83A8C-6C49-ED25-28B2-713611ED9D12}.Debug|Any CPU.Build.0 = Debug|Any CPU
		{8CC83A8C-6C49-ED25-28B2-713611ED9D12}.Debug|x64.ActiveCfg = Debug|x64
		{8CC83A8C-6C49-ED25-28B2-713611ED9D12}.Debug|x64.Build.0 = Debug|x64
		{8CC83A8C-6C49-ED25-28B2-713611ED9D12}.Debug|x86.ActiveCfg = Debug|x86
		{8CC83A8C-6C49-ED25-28B2-713611ED9D12}.Debug|x86.Build.0 = Debug|x86
		{8CC83A8C-6C49-ED25-28B2-713611ED9D12}.Release|Any CPU.ActiveCfg = Release|Any CPU
		{8CC83A8C-6C49-ED25-28B2-713611ED9D12}.Release|Any CPU.Build.0 = Release|Any CPU
		{8CC83A8C-6C49-ED25-28B2-713611ED9D12}.Release|x64.ActiveCfg = Release|x64
		{8CC83A8C-6C49-ED25-28B2-713611ED9D12}.Release|x64.Build.0 = Release|x64
		{8CC83A8C-6C49-ED25-28B2-713611ED9D12}.Release|x86.ActiveCfg = Release|x86
		{8CC83A8C-6C49-ED25-28B2-713611ED9D12}.Release|x86.Build.0 = Release|x86
		{3328A8E3-C2FD-9C0C-D6CE-943B8D716223}.Debug|Any CPU.ActiveCfg = Debug|Any CPU
		{3328A8E3-C2FD-9C0C-D6CE-943B8D716223}.Debug|Any CPU.Build.0 = Debug|Any CPU
		{3328A8E3-C2FD-9C0C-D6CE-943B8D716223}.Debug|x64.ActiveCfg = Debug|x64
		{3328A8E3-C2FD-9C0C-D6CE-943B8D716223}.Debug|x64.Build.0 = Debug|x64
		{3328A8E3-C2FD-9C0C-D6CE-943B8D716223}.Debug|x86.ActiveCfg = Debug|x86
		{3328A8E3-C2FD-9C0C-D6CE-943B8D716223}.Debug|x86.Build.0 = Debug|x86
		{3328A8E3-C2FD-9C0C-D6CE-943B8D716223}.Release|Any CPU.ActiveCfg = Release|Any CPU
		{3328A8E3-C2FD-9C0C-D6CE-943B8D716223}.Release|Any CPU.Build.0 = Release|Any CPU
		{3328A8E3-C2FD-9C0C-D6CE-943B8D716223}.Release|x64.ActiveCfg = Release|x64
		{3328A8E3-C2FD-9C0C-D6CE-943B8D716223}.Release|x64.Build.0 = Release|x64
		{3328A8E3-C2FD-9C0C-D6CE-943B8D716223}.Release|x86.ActiveCfg = Release|x86
		{3328A8E3-C2FD-9C0C-D6CE-943B8D716223}.Release|x86.Build.0 = Release|x86
		{74BEADBB-7B96-703E-4222-2CD93EACD41D}.Debug|Any CPU.ActiveCfg = Debug|Any CPU
		{74BEADBB-7B96-703E-4222-2CD93EACD41D}.Debug|Any CPU.Build.0 = Debug|Any CPU
		{74BEADBB-7B96-703E-4222-2CD93EACD41D}.Debug|x64.ActiveCfg = Debug|x64
		{74BEADBB-7B96-703E-4222-2CD93EACD41D}.Debug|x64.Build.0 = Debug|x64
		{74BEADBB-7B96-703E-4222-2CD93EACD41D}.Debug|x86.ActiveCfg = Debug|x86
		{74BEADBB-7B96-703E-4222-2CD93EACD41D}.Debug|x86.Build.0 = Debug|x86
		{74BEADBB-7B96-703E-4222-2CD93EACD41D}.Release|Any CPU.ActiveCfg = Release|Any CPU
		{74BEADBB-7B96-703E-4222-2CD93EACD41D}.Release|Any CPU.Build.0 = Release|Any CPU
		{74BEADBB-7B96-703E-4222-2CD93EACD41D}.Release|x64.ActiveCfg = Release|x64
		{74BEADBB-7B96-703E-4222-2CD93EACD41D}.Release|x64.Build.0 = Release|x64
		{74BEADBB-7B96-703E-4222-2CD93EACD41D}.Release|x86.ActiveCfg = Release|x86
		{74BEADBB-7B96-703E-4222-2CD93EACD41D}.Release|x86.Build.0 = Release|x86
		{260B463F-3B23-D3C0-2EEA-509FD98BDED0}.Debug|Any CPU.ActiveCfg = Debug|Any CPU
		{260B463F-3B23-D3C0-2EEA-509FD98BDED0}.Debug|Any CPU.Build.0 = Debug|Any CPU
		{260B463F-3B23-D3C0-2EEA-509FD98BDED0}.Debug|x64.ActiveCfg = Debug|x64
		{260B463F-3B23-D3C0-2EEA-509FD98BDED0}.Debug|x64.Build.0 = Debug|x64
		{260B463F-3B23-D3C0-2EEA-509FD98BDED0}.Debug|x86.ActiveCfg = Debug|x86
		{260B463F-3B23-D3C0-2EEA-509FD98BDED0}.Debug|x86.Build.0 = Debug|x86
		{260B463F-3B23-D3C0-2EEA-509FD98BDED0}.Release|Any CPU.ActiveCfg = Release|Any CPU
		{260B463F-3B23-D3C0-2EEA-509FD98BDED0}.Release|Any CPU.Build.0 = Release|Any CPU
		{260B463F-3B23-D3C0-2EEA-509FD98BDED0}.Release|x64.ActiveCfg = Release|x64
		{260B463F-3B23-D3C0-2EEA-509FD98BDED0}.Release|x64.Build.0 = Release|x64
		{260B463F-3B23-D3C0-2EEA-509FD98BDED0}.Release|x86.ActiveCfg = Release|x86
		{260B463F-3B23-D3C0-2EEA-509FD98BDED0}.Release|x86.Build.0 = Release|x86
		{A950C0DA-1CFA-4F1D-A898-D23115C6DBBF}.Debug|Any CPU.ActiveCfg = Debug|Any CPU
		{A950C0DA-1CFA-4F1D-A898-D23115C6DBBF}.Debug|Any CPU.Build.0 = Debug|Any CPU
		{A950C0DA-1CFA-4F1D-A898-D23115C6DBBF}.Debug|x64.ActiveCfg = Debug|x64
		{A950C0DA-1CFA-4F1D-A898-D23115C6DBBF}.Debug|x64.Build.0 = Debug|x64
		{A950C0DA-1CFA-4F1D-A898-D23115C6DBBF}.Debug|x86.ActiveCfg = Debug|x86
		{A950C0DA-1CFA-4F1D-A898-D23115C6DBBF}.Debug|x86.Build.0 = Debug|x86
		{A950C0DA-1CFA-4F1D-A898-D23115C6DBBF}.Release|Any CPU.ActiveCfg = Release|Any CPU
		{A950C0DA-1CFA-4F1D-A898-D23115C6DBBF}.Release|Any CPU.Build.0 = Release|Any CPU
		{A950C0DA-1CFA-4F1D-A898-D23115C6DBBF}.Release|x64.ActiveCfg = Release|x64
		{A950C0DA-1CFA-4F1D-A898-D23115C6DBBF}.Release|x64.Build.0 = Release|x64
		{A950C0DA-1CFA-4F1D-A898-D23115C6DBBF}.Release|x86.ActiveCfg = Release|x86
		{A950C0DA-1CFA-4F1D-A898-D23115C6DBBF}.Release|x86.Build.0 = Release|x86
		{546C1A0F-9FD9-4AFC-8195-9A862CEDE1AD}.Debug|Any CPU.ActiveCfg = Debug|Any CPU
		{546C1A0F-9FD9-4AFC-8195-9A862CEDE1AD}.Debug|Any CPU.Build.0 = Debug|Any CPU
		{546C1A0F-9FD9-4AFC-8195-9A862CEDE1AD}.Debug|x64.ActiveCfg = Debug|x64
		{546C1A0F-9FD9-4AFC-8195-9A862CEDE1AD}.Debug|x64.Build.0 = Debug|x64
		{546C1A0F-9FD9-4AFC-8195-9A862CEDE1AD}.Debug|x86.ActiveCfg = Debug|x86
		{546C1A0F-9FD9-4AFC-8195-9A862CEDE1AD}.Debug|x86.Build.0 = Debug|x86
		{546C1A0F-9FD9-4AFC-8195-9A862CEDE1AD}.Release|Any CPU.ActiveCfg = Release|Any CPU
		{546C1A0F-9FD9-4AFC-8195-9A862CEDE1AD}.Release|Any CPU.Build.0 = Release|Any CPU
		{546C1A0F-9FD9-4AFC-8195-9A862CEDE1AD}.Release|x64.ActiveCfg = Release|x64
		{546C1A0F-9FD9-4AFC-8195-9A862CEDE1AD}.Release|x64.Build.0 = Release|x64
		{546C1A0F-9FD9-4AFC-8195-9A862CEDE1AD}.Release|x86.ActiveCfg = Release|x86
		{546C1A0F-9FD9-4AFC-8195-9A862CEDE1AD}.Release|x86.Build.0 = Release|x86
		{12B9B59F-4DB4-4092-A32F-8EB8757F6BD3}.Debug|Any CPU.ActiveCfg = Debug|Any CPU
		{12B9B59F-4DB4-4092-A32F-8EB8757F6BD3}.Debug|Any CPU.Build.0 = Debug|Any CPU
		{12B9B59F-4DB4-4092-A32F-8EB8757F6BD3}.Debug|x64.ActiveCfg = Debug|x64
		{12B9B59F-4DB4-4092-A32F-8EB8757F6BD3}.Debug|x64.Build.0 = Debug|x64
		{12B9B59F-4DB4-4092-A32F-8EB8757F6BD3}.Debug|x86.ActiveCfg = Debug|x86
		{12B9B59F-4DB4-4092-A32F-8EB8757F6BD3}.Debug|x86.Build.0 = Debug|x86
		{12B9B59F-4DB4-4092-A32F-8EB8757F6BD3}.Release|Any CPU.ActiveCfg = Release|Any CPU
		{12B9B59F-4DB4-4092-A32F-8EB8757F6BD3}.Release|Any CPU.Build.0 = Release|Any CPU
		{12B9B59F-4DB4-4092-A32F-8EB8757F6BD3}.Release|x64.ActiveCfg = Release|x64
		{12B9B59F-4DB4-4092-A32F-8EB8757F6BD3}.Release|x64.Build.0 = Release|x64
		{12B9B59F-4DB4-4092-A32F-8EB8757F6BD3}.Release|x86.ActiveCfg = Release|x86
		{12B9B59F-4DB4-4092-A32F-8EB8757F6BD3}.Release|x86.Build.0 = Release|x86
		{82CC2D24-4A96-471B-8FAB-106CA90FC6DD}.Debug|Any CPU.ActiveCfg = Debug|Any CPU
		{82CC2D24-4A96-471B-8FAB-106CA90FC6DD}.Debug|Any CPU.Build.0 = Debug|Any CPU
		{82CC2D24-4A96-471B-8FAB-106CA90FC6DD}.Debug|x64.ActiveCfg = Debug|Any CPU
		{82CC2D24-4A96-471B-8FAB-106CA90FC6DD}.Debug|x64.Build.0 = Debug|Any CPU
		{82CC2D24-4A96-471B-8FAB-106CA90FC6DD}.Debug|x86.ActiveCfg = Debug|Any CPU
		{82CC2D24-4A96-471B-8FAB-106CA90FC6DD}.Debug|x86.Build.0 = Debug|Any CPU
		{82CC2D24-4A96-471B-8FAB-106CA90FC6DD}.Release|Any CPU.ActiveCfg = Release|Any CPU
		{82CC2D24-4A96-471B-8FAB-106CA90FC6DD}.Release|Any CPU.Build.0 = Release|Any CPU
		{82CC2D24-4A96-471B-8FAB-106CA90FC6DD}.Release|x64.ActiveCfg = Release|Any CPU
		{82CC2D24-4A96-471B-8FAB-106CA90FC6DD}.Release|x64.Build.0 = Release|Any CPU
		{82CC2D24-4A96-471B-8FAB-106CA90FC6DD}.Release|x86.ActiveCfg = Release|Any CPU
		{82CC2D24-4A96-471B-8FAB-106CA90FC6DD}.Release|x86.Build.0 = Release|Any CPU
	EndGlobalSection
	GlobalSection(SolutionProperties) = preSolution
		HideSolutionNode = FALSE
	EndGlobalSection
	GlobalSection(NestedProjects) = preSolution
		{4D513B19-13CF-4E79-B14D-8408036969EB} = {BDC4F320-8B10-4E13-8D66-52D5D30F631E}
		{EFEB51EE-0B3B-4651-895F-13B200E4CC60} = {B9682F4C-2180-4D85-B3A5-A4920B38DB12}
		{439C96D9-89FA-A06C-FFF4-025888A33299} = {B9682F4C-2180-4D85-B3A5-A4920B38DB12}
		{043B8D0F-44E5-8368-16B7-8D3DB293058A} = {BDC4F320-8B10-4E13-8D66-52D5D30F631E}
		{8CC83A8C-6C49-ED25-28B2-713611ED9D12} = {B9682F4C-2180-4D85-B3A5-A4920B38DB12}
		{3328A8E3-C2FD-9C0C-D6CE-943B8D716223} = {B9682F4C-2180-4D85-B3A5-A4920B38DB12}
		{74BEADBB-7B96-703E-4222-2CD93EACD41D} = {BDC4F320-8B10-4E13-8D66-52D5D30F631E}
		{260B463F-3B23-D3C0-2EEA-509FD98BDED0} = {B9682F4C-2180-4D85-B3A5-A4920B38DB12}
		{12B9B59F-4DB4-4092-A32F-8EB8757F6BD3} = {02EA681E-C7D8-13C7-8484-4AC65E1B71E8}
		{82CC2D24-4A96-471B-8FAB-106CA90FC6DD} = {B9682F4C-2180-4D85-B3A5-A4920B38DB12}
	EndGlobalSection
	GlobalSection(ExtensibilityGlobals) = postSolution
		SolutionGuid = {52B7E82F-A984-4385-8626-6812F586F3C5}
	EndGlobalSection
EndGlobal
